# This file is automatically @generated by Cargo.
# It is not intended for manual editing.
version = 3

[[package]]
name = "caesar-cipher-science-fair"
version = "0.1.0"
dependencies = [
 "owo-colors",
]

[[package]]
name = "owo-colors"
version = "3.1.1"
source = "registry+https://github.com/rust-lang/crates.io-index"
checksum = "8d3b1ca05e7e4171727a5dab03790a344f248eaad925dce8ba0014fd78392b88"
